
Microsoft Visual Studio Solution File, Format Version 12.00
# Visual Studio Version 16
VisualStudioVersion = 16.0.30225.117
MinimumVisualStudioVersion = 10.0.40219.1
Project("{FAE04EC0-301F-11D3-BF4B-00C04F79EFBC}") = "CHROME STYLE", "CHROME STYLE\CHROME STYLE.csproj", "{68121259-C8DE-4EB6-A0D7-947CFCD4CCBE}"
EndProject
Global
	GlobalSection(SolutionConfigurationPlatforms) = preSolution
		Debug|Any CPU = Debug|Any CPU
		Release|Any CPU = Release|Any CPU
	EndGlobalSection
	GlobalSection(ProjectConfigurationPlatforms) = postSolution
		{68121259-C8DE-4EB6-A0D7-947CFCD4CCBE}.Debug|Any CPU.ActiveCfg = Debug|Any CPU
		{68121259-C8DE-4EB6-A0D7-947CFCD4CCBE}.Debug|Any CPU.Build.0 = Debug|Any CPU
		{68121259-C8DE-4EB6-A0D7-947CFCD4CCBE}.Release|Any CPU.ActiveCfg = Release|Any CPU
		{68121259-C8DE-4EB6-A0D7-947CFCD4CCBE}.Release|Any CPU.Build.0 = Release|Any CPU
	EndGlobalSection
	GlobalSection(SolutionProperties) = preSolution
		HideSolutionNode = FALSE
	EndGlobalSection
	GlobalSection(ExtensibilityGlobals) = postSolution
		SolutionGuid = {7232603C-7C11-4C77-A972-C08526CB3EC5}
	EndGlobalSection
EndGlobal
